
Microsoft Visual Studio Solution File, Format Version 12.00
# Visual Studio Version 16
VisualStudioVersion = 16.0.31515.178
MinimumVisualStudioVersion = 10.0.40219.1
Project("{FAE04EC0-301F-11D3-BF4B-00C04F79EFBC}") = "AspNetCoreMVC_Study", "AspNetCoreMVC_Study\AspNetCoreMVC_Study.csproj", "{0BD08EF5-535C-4B16-B95F-44A6D916FCBD}"
EndProject
Global
	GlobalSection(SolutionConfigurationPlatforms) = preSolution
		Debug|Any CPU = Debug|Any CPU
		Release|Any CPU = Release|Any CPU
	EndGlobalSection
	GlobalSection(ProjectConfigurationPlatforms) = postSolution
		{0BD08EF5-535C-4B16-B95F-44A6D916FCBD}.Debug|Any CPU.ActiveCfg = Debug|Any CPU
		{0BD08EF5-535C-4B16-B95F-44A6D916FCBD}.Debug|Any CPU.Build.0 = Debug|Any CPU
		{0BD08EF5-535C-4B16-B95F-44A6D916FCBD}.Release|Any CPU.ActiveCfg = Release|Any CPU
		{0BD08EF5-535C-4B16-B95F-44A6D916FCBD}.Release|Any CPU.Build.0 = Release|Any CPU
	EndGlobalSection
	GlobalSection(SolutionProperties) = preSolution
		HideSolutionNode = FALSE
	EndGlobalSection
	GlobalSection(ExtensibilityGlobals) = postSolution
		SolutionGuid = {61D368C4-FC13-4CFB-A777-D19E5944954B}
	EndGlobalSection
EndGlobal
